
Microsoft Visual Studio Solution File, Format Version 12.00
# Visual Studio Version 16
VisualStudioVersion = 16.0.30717.126
MinimumVisualStudioVersion = 10.0.40219.1
Project("{FAE04EC0-301F-11D3-BF4B-00C04F79EFBC}") = "Geometri", "Geometri\Geometri.csproj", "{3E284E7B-0AE8-404E-8CD0-5EE00ECF01F8}"
EndProject
Global
	GlobalSection(SolutionConfigurationPlatforms) = preSolution
		Debug|Any CPU = Debug|Any CPU
		Release|Any CPU = Release|Any CPU
	EndGlobalSection
	GlobalSection(ProjectConfigurationPlatforms) = postSolution
		{3E284E7B-0AE8-404E-8CD0-5EE00ECF01F8}.Debug|Any CPU.ActiveCfg = Debug|Any CPU
		{3E284E7B-0AE8-404E-8CD0-5EE00ECF01F8}.Debug|Any CPU.Build.0 = Debug|Any CPU
		{3E284E7B-0AE8-404E-8CD0-5EE00ECF01F8}.Release|Any CPU.ActiveCfg = Release|Any CPU
		{3E284E7B-0AE8-404E-8CD0-5EE00ECF01F8}.Release|Any CPU.Build.0 = Release|Any CPU
	EndGlobalSection
	GlobalSection(SolutionProperties) = preSolution
		HideSolutionNode = FALSE
	EndGlobalSection
	GlobalSection(ExtensibilityGlobals) = postSolution
		SolutionGuid = {F7D3D5A6-E18B-49DD-9689-67C5483B85BB}
	EndGlobalSection
EndGlobal
